
Microsoft Visual Studio Solution File, Format Version 12.00
# Visual Studio Version 16
VisualStudioVersion = 16.0.29025.244
MinimumVisualStudioVersion = 10.0.40219.1
Project("{FAE04EC0-301F-11D3-BF4B-00C04F79EFBC}") = "WoTStats.Android", "WoTStats\WoTStats.Android\WoTStats.Android.csproj", "{ADCB42A9-EFE2-434C-A709-094D183B09E2}"
EndProject
Project("{FAE04EC0-301F-11D3-BF4B-00C04F79EFBC}") = "WoTStats.iOS", "WoTStats\WoTStats.iOS\WoTStats.iOS.csproj", "{2A532639-69B4-4CD4-B442-0D9A34D6AC08}"
EndProject
Project("{FAE04EC0-301F-11D3-BF4B-00C04F79EFBC}") = "WoTStats", "WoTStats\WoTStats\WoTStats.csproj", "{61340AD1-8467-402E-A9FB-691AF465E33A}"
EndProject
Global
	GlobalSection(SolutionConfigurationPlatforms) = preSolution
		Debug|Any CPU = Debug|Any CPU
		Debug|iPhone = Debug|iPhone
		Debug|iPhoneSimulator = Debug|iPhoneSimulator
		Release|Any CPU = Release|Any CPU
		Release|iPhone = Release|iPhone
		Release|iPhoneSimulator = Release|iPhoneSimulator
	EndGlobalSection
	GlobalSection(ProjectConfigurationPlatforms) = postSolution
		{ADCB42A9-EFE2-434C-A709-094D183B09E2}.Debug|Any CPU.ActiveCfg = Debug|Any CPU
		{ADCB42A9-EFE2-434C-A709-094D183B09E2}.Debug|Any CPU.Build.0 = Debug|Any CPU
		{ADCB42A9-EFE2-434C-A709-094D183B09E2}.Debug|Any CPU.Deploy.0 = Debug|Any CPU
		{ADCB42A9-EFE2-434C-A709-094D183B09E2}.Debug|iPhone.ActiveCfg = Debug|Any CPU
		{ADCB42A9-EFE2-434C-A709-094D183B09E2}.Debug|iPhone.Build.0 = Debug|Any CPU
		{ADCB42A9-EFE2-434C-A709-094D183B09E2}.Debug|iPhone.Deploy.0 = Debug|Any CPU
		{ADCB42A9-EFE2-434C-A709-094D183B09E2}.Debug|iPhoneSimulator.ActiveCfg = Debug|Any CPU
		{ADCB42A9-EFE2-434C-A709-094D183B09E2}.Debug|iPhoneSimulator.Build.0 = Debug|Any CPU
		{ADCB42A9-EFE2-434C-A709-094D183B09E2}.Debug|iPhoneSimulator.Deploy.0 = Debug|Any CPU
		{ADCB42A9-EFE2-434C-A709-094D183B09E2}.Release|Any CPU.ActiveCfg = Release|Any CPU
		{ADCB42A9-EFE2-434C-A709-094D183B09E2}.Release|Any CPU.Build.0 = Release|Any CPU
		{ADCB42A9-EFE2-434C-A709-094D183B09E2}.Release|Any CPU.Deploy.0 = Release|Any CPU
		{ADCB42A9-EFE2-434C-A709-094D183B09E2}.Release|iPhone.ActiveCfg = Release|Any CPU
		{ADCB42A9-EFE2-434C-A709-094D183B09E2}.Release|iPhone.Build.0 = Release|Any CPU
		{ADCB42A9-EFE2-434C-A709-094D183B09E2}.Release|iPhone.Deploy.0 = Release|Any CPU
		{ADCB42A9-EFE2-434C-A709-094D183B09E2}.Release|iPhoneSimulator.ActiveCfg = Release|Any CPU
		{ADCB42A9-EFE2-434C-A709-094D183B09E2}.Release|iPhoneSimulator.Build.0 = Release|Any CPU
		{ADCB42A9-EFE2-434C-A709-094D183B09E2}.Release|iPhoneSimulator.Deploy.0 = Release|Any CPU
		{2A532639-69B4-4CD4-B442-0D9A34D6AC08}.Debug|Any CPU.ActiveCfg = Debug|iPhoneSimulator
		{2A532639-69B4-4CD4-B442-0D9A34D6AC08}.Debug|Any CPU.Build.0 = Debug|iPhoneSimulator
		{2A532639-69B4-4CD4-B442-0D9A34D6AC08}.Debug|Any CPU.Deploy.0 = Debug|iPhoneSimulator
		{2A532639-69B4-4CD4-B442-0D9A34D6AC08}.Debug|iPhone.ActiveCfg = Debug|iPhone
		{2A532639-69B4-4CD4-B442-0D9A34D6AC08}.Debug|iPhone.Build.0 = Debug|iPhone
		{2A532639-69B4-4CD4-B442-0D9A34D6AC08}.Debug|iPhone.Deploy.0 = Debug|iPhone
		{2A532639-69B4-4CD4-B442-0D9A34D6AC08}.Debug|iPhoneSimulator.ActiveCfg = Debug|iPhoneSimulator
		{2A532639-69B4-4CD4-B442-0D9A34D6AC08}.Debug|iPhoneSimulator.Build.0 = Debug|iPhoneSimulator
		{2A532639-69B4-4CD4-B442-0D9A34D6AC08}.Debug|iPhoneSimulator.Deploy.0 = Debug|iPhoneSimulator
		{2A532639-69B4-4CD4-B442-0D9A34D6AC08}.Release|Any CPU.ActiveCfg = Release|iPhone
		{2A532639-69B4-4CD4-B442-0D9A34D6AC08}.Release|Any CPU.Build.0 = Release|iPhone
		{2A532639-69B4-4CD4-B442-0D9A34D6AC08}.Release|Any CPU.Deploy.0 = Release|iPhone
		{2A532639-69B4-4CD4-B442-0D9A34D6AC08}.Release|iPhone.ActiveCfg = Release|iPhone
		{2A532639-69B4-4CD4-B442-0D9A34D6AC08}.Release|iPhone.Build.0 = Release|iPhone
		{2A532639-69B4-4CD4-B442-0D9A34D6AC08}.Release|iPhone.Deploy.0 = Release|iPhone
		{2A532639-69B4-4CD4-B442-0D9A34D6AC08}.Release|iPhoneSimulator.ActiveCfg = Release|iPhoneSimulator
		{2A532639-69B4-4CD4-B442-0D9A34D6AC08}.Release|iPhoneSimulator.Build.0 = Release|iPhoneSimulator
		{2A532639-69B4-4CD4-B442-0D9A34D6AC08}.Release|iPhoneSimulator.Deploy.0 = Release|iPhoneSimulator
		{61340AD1-8467-402E-A9FB-691AF465E33A}.Debug|Any CPU.ActiveCfg = Debug|Any CPU
		{61340AD1-8467-402E-A9FB-691AF465E33A}.Debug|Any CPU.Build.0 = Debug|Any CPU
		{61340AD1-8467-402E-A9FB-691AF465E33A}.Debug|Any CPU.Deploy.0 = Debug|Any CPU
		{61340AD1-8467-402E-A9FB-691AF465E33A}.Debug|iPhone.ActiveCfg = Debug|Any CPU
		{61340AD1-8467-402E-A9FB-691AF465E33A}.Debug|iPhone.Build.0 = Debug|Any CPU
		{61340AD1-8467-402E-A9FB-691AF465E33A}.Debug|iPhone.Deploy.0 = Debug|Any CPU
		{61340AD1-8467-402E-A9FB-691AF465E33A}.Debug|iPhoneSimulator.ActiveCfg = Debug|Any CPU
		{61340AD1-8467-402E-A9FB-691AF465E33A}.Debug|iPhoneSimulator.Build.0 = Debug|Any CPU
		{61340AD1-8467-402E-A9FB-691AF465E33A}.Debug|iPhoneSimulator.Deploy.0 = Debug|Any CPU
		{61340AD1-8467-402E-A9FB-691AF465E33A}.Release|Any CPU.ActiveCfg = Release|Any CPU
		{61340AD1-8467-402E-A9FB-691AF465E33A}.Release|Any CPU.Build.0 = Release|Any CPU
		{61340AD1-8467-402E-A9FB-691AF465E33A}.Release|Any CPU.Deploy.0 = Release|Any CPU
		{61340AD1-8467-402E-A9FB-691AF465E33A}.Release|iPhone.ActiveCfg = Release|Any CPU
		{61340AD1-8467-402E-A9FB-691AF465E33A}.Release|iPhone.Build.0 = Release|Any CPU
		{61340AD1-8467-402E-A9FB-691AF465E33A}.Release|iPhone.Deploy.0 = Release|Any CPU
		{61340AD1-8467-402E-A9FB-691AF465E33A}.Release|iPhoneSimulator.ActiveCfg = Release|Any CPU
		{61340AD1-8467-402E-A9FB-691AF465E33A}.Release|iPhoneSimulator.Build.0 = Release|Any CPU
		{61340AD1-8467-402E-A9FB-691AF465E33A}.Release|iPhoneSimulator.Deploy.0 = Release|Any CPU
	EndGlobalSection
	GlobalSection(SolutionProperties) = preSolution
		HideSolutionNode = FALSE
	EndGlobalSection
	GlobalSection(ExtensibilityGlobals) = postSolution
		SolutionGuid = {992246D2-5B6C-4DCE-9C05-468F8F3B0C01}
	EndGlobalSection
EndGlobal
